{
  "version": 4,
  "terraform_version": "0.12.26",
  "serial": 32,
  "lineage": "7c2b12d3-b045-457a-ca48-2c6b00b1639b",
  "outputs": {
    "db_password": {
      "value": "ty7zqen55tcx76bi",
      "type": "string"
    },
    "db_role": {
      "value": "normal",
      "type": "string"
    }
  },
  "resources": [
    {
      "mode": "data",
      "type": "digitalocean_kubernetes_versions",
      "name": "grab",
      "provider": "provider.digitalocean",
      "instances": [
        {
          "schema_version": 0,
          "attributes": {
            "id": "terraform-20200614222650855500000001",
            "latest_version": "1.17.5-do.0",
            "valid_versions": [
              "1.17.5-do.0",
              "1.16.8-do.0",
              "1.15.11-do.0"
            ],
            "version_prefix": null
          }
        }
      ]
    },
    {
      "mode": "managed",
      "type": "digitalocean_database_cluster",
      "name": "quagen-db-cluster",
      "provider": "provider.digitalocean",
      "instances": [
        {
          "schema_version": 0,
          "attributes": {
            "database": "defaultdb",
            "engine": "pg",
            "eviction_policy": null,
            "host": "quagen-production-db-do-user-6666429-0.a.db.ondigitalocean.com",
            "id": "2d382608-a16d-4924-aa9e-a762e3de7ff2",
            "maintenance_window": [],
            "name": "quagen-production-db",
            "node_count": 1,
            "password": "obj1py0ketxb4ost",
            "port": 25060,
            "private_host": "private-quagen-production-db-do-user-6666429-0.a.db.ondigitalocean.com",
            "private_network_uuid": "fae546c1-e124-44be-bc70-30b9d5bf1a64",
            "private_uri": "postgresql://doadmin:obj1py0ketxb4ost@private-quagen-production-db-do-user-6666429-0.a.db.ondigitalocean.com:25060/defaultdb?sslmode=require",
            "region": "sfo2",
            "size": "db-s-1vcpu-1gb",
            "sql_mode": null,
            "tags": null,
            "uri": "postgresql://doadmin:obj1py0ketxb4ost@quagen-production-db-do-user-6666429-0.a.db.ondigitalocean.com:25060/defaultdb?sslmode=require",
            "urn": "do:dbaas:2d382608-a16d-4924-aa9e-a762e3de7ff2",
            "user": "doadmin",
            "version": "11"
          },
          "private": "bnVsbA=="
        }
      ]
    },
    {
      "mode": "managed",
      "type": "digitalocean_database_db",
      "name": "quagen-db",
      "provider": "provider.digitalocean",
      "instances": [
        {
          "schema_version": 0,
          "attributes": {
            "cluster_id": "2d382608-a16d-4924-aa9e-a762e3de7ff2",
            "id": "2d382608-a16d-4924-aa9e-a762e3de7ff2/database/quagen-production",
            "name": "quagen-production"
          },
          "private": "bnVsbA==",
          "dependencies": [
            "digitalocean_database_cluster.quagen-db-cluster"
          ]
        }
      ]
    },
    {
      "mode": "managed",
      "type": "digitalocean_database_firewall",
      "name": "quagen-db-fw",
      "provider": "provider.digitalocean",
      "instances": [
        {
          "schema_version": 0,
          "attributes": {
            "cluster_id": "2d382608-a16d-4924-aa9e-a762e3de7ff2",
            "id": "2d382608-a16d-4924-aa9e-a762e3de7ff2-20200614223356707600000001",
            "rule": [
              {
                "created_at": "2020-06-14T22:33:55Z",
                "type": "k8s",
                "uuid": "832007f9-7e9b-42c7-ad94-2976955ccab7",
                "value": "e0492b76-c7a4-4219-b932-51d00d0a4ab2"
              }
            ]
          },
          "private": "bnVsbA==",
          "dependencies": [
            "digitalocean_database_cluster.quagen-db-cluster",
            "digitalocean_kubernetes_cluster.quagen-k8s"
          ]
        }
      ]
    },
    {
      "mode": "managed",
      "type": "digitalocean_database_user",
      "name": "quagen-db-user",
      "provider": "provider.digitalocean",
      "instances": [
        {
          "schema_version": 0,
          "attributes": {
            "cluster_id": "2d382608-a16d-4924-aa9e-a762e3de7ff2",
            "id": "2d382608-a16d-4924-aa9e-a762e3de7ff2/user/quagen",
            "mysql_auth_plugin": null,
            "name": "quagen",
            "password": "ty7zqen55tcx76bi",
            "role": "normal"
          },
          "private": "bnVsbA==",
          "dependencies": [
            "digitalocean_database_cluster.quagen-db-cluster"
          ]
        }
      ]
    },
    {
      "mode": "managed",
      "type": "digitalocean_kubernetes_cluster",
      "name": "quagen-k8s",
      "provider": "provider.digitalocean",
      "instances": [
        {
          "schema_version": 1,
          "attributes": {
            "cluster_subnet": "10.244.0.0/16",
            "created_at": "2020-06-14 22:26:54 +0000 UTC",
            "endpoint": "https://e0492b76-c7a4-4219-b932-51d00d0a4ab2.k8s.ondigitalocean.com",
            "id": "e0492b76-c7a4-4219-b932-51d00d0a4ab2",
            "ipv4_address": "138.68.20.134",
            "kube_config": [
              {
                "client_certificate": "",
                "client_key": "",
                "cluster_ca_certificate": "LS0tLS1CRUdJTiBDRVJUSUZJQ0FURS0tLS0tCk1JSURKekNDQWcrZ0F3SUJBZ0lDQm5Vd0RRWUpLb1pJaHZjTkFRRUxCUUF3TXpFVk1CTUdBMVVFQ2hNTVJHbG4KYVhSaGJFOWpaV0Z1TVJvd0dBWURWUVFERXhGck9ITmhZWE1nUTJ4MWMzUmxjaUJEUVRBZUZ3MHlNREEyTVRReQpNakkzTURGYUZ3MDBNREEyTVRReU1qSTNNREZhTURNeEZUQVRCZ05WQkFvVERFUnBaMmwwWVd4UFkyVmhiakVhCk1CZ0dBMVVFQXhNUmF6aHpZV0Z6SUVOc2RYTjBaWElnUTBFd2dnRWlNQTBHQ1NxR1NJYjNEUUVCQVFVQUE0SUIKRHdBd2dnRUtBb0lCQVFDWVBQT1hERGxiSFZLNW0zTzBmMjRwUHlDMUZLYlg3T1hwRXB2KzZxdXplVUllaTg4TQprWjBWNmg0V25wcXRMKzB1cmIrakdKRXNWS2I3RHU4Y3BmTGdpZUpVNEhsUGtoUmlLR2NURUdrcnlwT3U5MEZkCjcyRkw2ZGgyM1M2SVMyS3dtSGUyNXZaV25iQ3ZKWTZ5VEhZNlErdXUvVWhOZlVoVUJWQUN4NjZDcS9UaW5JUlYKZVhZQnZvQmR4aFRzZGEwOUpXOWRFOGh5TEdjbFdrRTNDaDRoYnhGb2I0MVZUTm9uWlJPcThDSVk0T2M2bi96ZgorTTV0MjNvNlhCM3B1d3B4SDJndjdmL1JUZGMzWXlGMVhVanBCaDhBWUNJSEszekNXdUlXbzA1WkNQVVJUVGFmCmwxdEJKVFVydE5PWWZtWVI1SzdIWnJkQlhsc1dJcVVwRFBUSEFnTUJBQUdqUlRCRE1BNEdBMVVkRHdFQi93UUUKQXdJQmhqQVNCZ05WSFJNQkFmOEVDREFHQVFIL0FnRUFNQjBHQTFVZERnUVdCQlRSVlFSazVYSDJGOU9pSG5nSQpQeXd5T0RwTXBUQU5CZ2txaGtpRzl3MEJBUXNGQUFPQ0FRRUFsOGFRTC9nNVFiU2pJRTR2Y1Zkd3pZSm1Wb0drCmpDZWNWTUJpT013WFZhNzZGQ3hRbTZFa01NSHNpVGFsekYzZHVuT0g5Zjd0SyswdnJMWDlZaWFIdSt2SGNlTDUKajk4R1E4T2lGZVAyRjVxbEZaYzhHemk5UVU5S0VLVFdSY0MvMjVPc0lXK2dJRWRvbTdQYW5Qb2ppRjFPN0tZegpHbk5hK2RiMm5CeFNEUERaUXNxaTJ5SjdDYldJV2t6d2RnOGcwQkRReEZaaFQ2ODFCWkdHV0llMUlWUmlaZEl5CnRiUWJYMGZPelE0empOQ2ZwcWNFdnM0NXlYR0xxb29LQUtyN0QvbVBBUHhPNFZoWWZMM0ZkUDB6WnJ6bXh4c1UKbms2ZWNJamM3RytVY0EvcERaL2x0SFpoMVNhSnBjSHhWbHVMVm9naXFGenRDQTlJTmt0ZTdyek9lZz09Ci0tLS0tRU5EIENFUlRJRklDQVRFLS0tLS0K",
                "expires_at": "2020-06-21T22:33:54Z",
                "host": "https://e0492b76-c7a4-4219-b932-51d00d0a4ab2.k8s.ondigitalocean.com",
                "raw_config": "apiVersion: v1\nkind: Config\nclusters:\n- cluster:\n    certificate-authority-data: LS0tLS1CRUdJTiBDRVJUSUZJQ0FURS0tLS0tCk1JSURKekNDQWcrZ0F3SUJBZ0lDQm5Vd0RRWUpLb1pJaHZjTkFRRUxCUUF3TXpFVk1CTUdBMVVFQ2hNTVJHbG4KYVhSaGJFOWpaV0Z1TVJvd0dBWURWUVFERXhGck9ITmhZWE1nUTJ4MWMzUmxjaUJEUVRBZUZ3MHlNREEyTVRReQpNakkzTURGYUZ3MDBNREEyTVRReU1qSTNNREZhTURNeEZUQVRCZ05WQkFvVERFUnBaMmwwWVd4UFkyVmhiakVhCk1CZ0dBMVVFQXhNUmF6aHpZV0Z6SUVOc2RYTjBaWElnUTBFd2dnRWlNQTBHQ1NxR1NJYjNEUUVCQVFVQUE0SUIKRHdBd2dnRUtBb0lCQVFDWVBQT1hERGxiSFZLNW0zTzBmMjRwUHlDMUZLYlg3T1hwRXB2KzZxdXplVUllaTg4TQprWjBWNmg0V25wcXRMKzB1cmIrakdKRXNWS2I3RHU4Y3BmTGdpZUpVNEhsUGtoUmlLR2NURUdrcnlwT3U5MEZkCjcyRkw2ZGgyM1M2SVMyS3dtSGUyNXZaV25iQ3ZKWTZ5VEhZNlErdXUvVWhOZlVoVUJWQUN4NjZDcS9UaW5JUlYKZVhZQnZvQmR4aFRzZGEwOUpXOWRFOGh5TEdjbFdrRTNDaDRoYnhGb2I0MVZUTm9uWlJPcThDSVk0T2M2bi96ZgorTTV0MjNvNlhCM3B1d3B4SDJndjdmL1JUZGMzWXlGMVhVanBCaDhBWUNJSEszekNXdUlXbzA1WkNQVVJUVGFmCmwxdEJKVFVydE5PWWZtWVI1SzdIWnJkQlhsc1dJcVVwRFBUSEFnTUJBQUdqUlRCRE1BNEdBMVVkRHdFQi93UUUKQXdJQmhqQVNCZ05WSFJNQkFmOEVDREFHQVFIL0FnRUFNQjBHQTFVZERnUVdCQlRSVlFSazVYSDJGOU9pSG5nSQpQeXd5T0RwTXBUQU5CZ2txaGtpRzl3MEJBUXNGQUFPQ0FRRUFsOGFRTC9nNVFiU2pJRTR2Y1Zkd3pZSm1Wb0drCmpDZWNWTUJpT013WFZhNzZGQ3hRbTZFa01NSHNpVGFsekYzZHVuT0g5Zjd0SyswdnJMWDlZaWFIdSt2SGNlTDUKajk4R1E4T2lGZVAyRjVxbEZaYzhHemk5UVU5S0VLVFdSY0MvMjVPc0lXK2dJRWRvbTdQYW5Qb2ppRjFPN0tZegpHbk5hK2RiMm5CeFNEUERaUXNxaTJ5SjdDYldJV2t6d2RnOGcwQkRReEZaaFQ2ODFCWkdHV0llMUlWUmlaZEl5CnRiUWJYMGZPelE0empOQ2ZwcWNFdnM0NXlYR0xxb29LQUtyN0QvbVBBUHhPNFZoWWZMM0ZkUDB6WnJ6bXh4c1UKbms2ZWNJamM3RytVY0EvcERaL2x0SFpoMVNhSnBjSHhWbHVMVm9naXFGenRDQTlJTmt0ZTdyek9lZz09Ci0tLS0tRU5EIENFUlRJRklDQVRFLS0tLS0K\n    server: https://e0492b76-c7a4-4219-b932-51d00d0a4ab2.k8s.ondigitalocean.com\n  name: do-sfo2-quagen-production\ncontexts:\n- context:\n    cluster: do-sfo2-quagen-production\n    user: do-sfo2-quagen-production-admin\n  name: do-sfo2-quagen-production\ncurrent-context: do-sfo2-quagen-production\nusers:\n- name: do-sfo2-quagen-production-admin\n  user:\n    token: 185d9d01b513141502c2951dfa3bd326ad1a78330d6f1e8f749888ad2a061693\n",
                "token": "185d9d01b513141502c2951dfa3bd326ad1a78330d6f1e8f749888ad2a061693"
              }
            ],
            "name": "quagen-production",
            "node_pool": [
              {
                "actual_node_count": 3,
                "auto_scale": false,
                "id": "3707acf9-8e24-43c3-a317-302b18a6a10d",
                "labels": null,
                "max_nodes": 0,
                "min_nodes": 0,
                "name": "quagen-production-pool",
                "node_count": 3,
                "nodes": [
                  {
                    "created_at": "2020-06-14 22:26:54 +0000 UTC",
                    "droplet_id": "196094387",
                    "id": "56f90839-4ca3-4dcb-a9f5-54d8dd3771a9",
                    "name": "quagen-production-pool-3ffdf",
                    "status": "running",
                    "updated_at": "2020-06-14 22:32:24 +0000 UTC"
                  },
                  {
                    "created_at": "2020-06-14 22:26:54 +0000 UTC",
                    "droplet_id": "196094388",
                    "id": "1207f9b2-c299-4fb4-b8ec-edf6079bd174",
                    "name": "quagen-production-pool-3ffdy",
                    "status": "running",
                    "updated_at": "2020-06-14 22:32:24 +0000 UTC"
                  },
                  {
                    "created_at": "2020-06-14 22:26:54 +0000 UTC",
                    "droplet_id": "196094389",
                    "id": "a09fa50a-8a67-4ea9-b10d-49345efa18e4",
                    "name": "quagen-production-pool-3ffdx",
                    "status": "running",
                    "updated_at": "2020-06-14 22:32:24 +0000 UTC"
                  }
                ],
                "size": "s-2vcpu-2gb",
                "tags": null
              }
            ],
            "region": "sfo2",
            "service_subnet": "10.245.0.0/16",
            "status": "running",
            "tags": null,
            "updated_at": "2020-06-14 22:33:44 +0000 UTC",
            "version": "1.17.5-do.0",
            "vpc_uuid": "fae546c1-e124-44be-bc70-30b9d5bf1a64"
          },
          "private": "eyJzY2hlbWFfdmVyc2lvbiI6IjEifQ=="
        }
      ]
    }
  ]
}
